Microsoft Visual Studio Solution File, Format Version 12.00
# Visual Studio Version 17
VisualStudioVersion = 17.12.35424.110
MinimumVisualStudioVersion = 10.0.40219.1
Project("{FAE04EC0-301F-11D3-BF4B-00C04F79EFBC}") = "Admin.WebAPI", "Admin.WebAPI\Admin.WebAPI.csproj", "{58FD2D2C-B4E0-49D7-A14B-C3EF65714348}"
EndProject
Project("{FAE04EC0-301F-11D3-BF4B-00C04F79EFBC}") = "Admin.Infrastructure", "Admin.Infrastructure\Admin.Infrastructure.csproj", "{4E37693E-68E2-4B11-8FF3-F3E8865D968E}"
EndProject
Project("{FAE04EC0-301F-11D3-BF4B-00C04F79EFBC}") = "Admin.Domain", "Admin.Domain\Admin.Domain.csproj", "{0FB1B277-7338-4F40-B2D0-C69E73F72C68}"
EndProject
Project("{FAE04EC0-301F-11D3-BF4B-00C04F79EFBC}") = "Admin.Application", "Admin.Application\Admin.Application.csproj", "{95C0E85C-ADFA-4825-AA5F-5BA613FBFAC4}"
EndProject
Project("{2150E333-8FDC-42A3-9474-1A3956D46DE8}") = "Solution Items", "Solution Items", "{8EC462FD-D22E-90A8-E5CE-7E832BA40C5D}"
	ProjectSection(SolutionItems) = preProject
		docker-compose.yml = docker-compose.yml
	EndProjectSection
EndProject
Project("{2150E333-8FDC-42A3-9474-1A3956D46DE8}") = "AdminSolution", "AdminSolution", "{02EA681E-C7D8-13C7-8484-4AC65E1B71E8}"
EndProject
Global
	GlobalSection(SolutionConfigurationPlatforms) = preSolution
		Debug|Any CPU = Debug|Any CPU
		Release|Any CPU = Release|Any CPU
	EndGlobalSection
	GlobalSection(ProjectConfigurationPlatforms) = postSolution
		{58FD2D2C-B4E0-49D7-A14B-C3EF65714348}.Debug|Any CPU.ActiveCfg = Debug|Any CPU
		{58FD2D2C-B4E0-49D7-A14B-C3EF65714348}.Debug|Any CPU.Build.0 = Debug|Any CPU
		{58FD2D2C-B4E0-49D7-A14B-C3EF65714348}.Release|Any CPU.ActiveCfg = Release|Any CPU
		{58FD2D2C-B4E0-49D7-A14B-C3EF65714348}.Release|Any CPU.Build.0 = Release|Any CPU
		{4E37693E-68E2-4B11-8FF3-F3E8865D968E}.Debug|Any CPU.ActiveCfg = Debug|Any CPU
		{4E37693E-68E2-4B11-8FF3-F3E8865D968E}.Debug|Any CPU.Build.0 = Debug|Any CPU
		{4E37693E-68E2-4B11-8FF3-F3E8865D968E}.Release|Any CPU.ActiveCfg = Release|Any CPU
		{4E37693E-68E2-4B11-8FF3-F3E8865D968E}.Release|Any CPU.Build.0 = Release|Any CPU
		{0FB1B277-7338-4F40-B2D0-C69E73F72C68}.Debug|Any CPU.ActiveCfg = Debug|Any CPU
		{0FB1B277-7338-4F40-B2D0-C69E73F72C68}.Debug|Any CPU.Build.0 = Debug|Any CPU
		{0FB1B277-7338-4F40-B2D0-C69E73F72C68}.Release|Any CPU.ActiveCfg = Release|Any CPU
		{0FB1B277-7338-4F40-B2D0-C69E73F72C68}.Release|Any CPU.Build.0 = Release|Any CPU
		{95C0E85C-ADFA-4825-AA5F-5BA613FBFAC4}.Debug|Any CPU.ActiveCfg = Debug|Any CPU
		{95C0E85C-ADFA-4825-AA5F-5BA613FBFAC4}.Debug|Any CPU.Build.0 = Debug|Any CPU
		{95C0E85C-ADFA-4825-AA5F-5BA613FBFAC4}.Release|Any CPU.ActiveCfg = Release|Any CPU
		{95C0E85C-ADFA-4825-AA5F-5BA613FBFAC4}.Release|Any CPU.Build.0 = Release|Any CPU
	EndGlobalSection
	GlobalSection(SolutionProperties) = preSolution
		HideSolutionNode = FALSE
	EndGlobalSection
	GlobalSection(NestedProjects) = preSolution
		{58FD2D2C-B4E0-49D7-A14B-C3EF65714348} = {02EA681E-C7D8-13C7-8484-4AC65E1B71E8}
		{4E37693E-68E2-4B11-8FF3-F3E8865D968E} = {02EA681E-C7D8-13C7-8484-4AC65E1B71E8}
		{0FB1B277-7338-4F40-B2D0-C69E73F72C68} = {02EA681E-C7D8-13C7-8484-4AC65E1B71E8}
		{95C0E85C-ADFA-4825-AA5F-5BA613FBFAC4} = {02EA681E-C7D8-13C7-8484-4AC65E1B71E8}
	EndGlobalSection
	GlobalSection(ExtensibilityGlobals) = postSolution
		SolutionGuid = {0F041E01-6971-4031-8F51-19276506CD9D}
	EndGlobalSection
EndGlobal
